
Microsoft Visual Studio Solution File, Format Version 12.00
# Visual Studio 15
VisualStudioVersion = 15.0.27130.2027
MinimumVisualStudioVersion = 10.0.40219.1
Project("{FAE04EC0-301F-11D3-BF4B-00C04F79EFBC}") = "TileServerCore", "TileServerCore\TileServerCore.csproj", "{856F9B70-11FC-48B9-8ACD-212FA98DC611}"
EndProject
Global
	GlobalSection(SolutionConfigurationPlatforms) = preSolution
		Debug|Any CPU = Debug|Any CPU
		Release|Any CPU = Release|Any CPU
	EndGlobalSection
	GlobalSection(ProjectConfigurationPlatforms) = postSolution
		{856F9B70-11FC-48B9-8ACD-212FA98DC611}.Debug|Any CPU.ActiveCfg = Debug|Any CPU
		{856F9B70-11FC-48B9-8ACD-212FA98DC611}.Debug|Any CPU.Build.0 = Debug|Any CPU
		{856F9B70-11FC-48B9-8ACD-212FA98DC611}.Release|Any CPU.ActiveCfg = Release|Any CPU
		{856F9B70-11FC-48B9-8ACD-212FA98DC611}.Release|Any CPU.Build.0 = Release|Any CPU
	EndGlobalSection
	GlobalSection(SolutionProperties) = preSolution
		HideSolutionNode = FALSE
	EndGlobalSection
	GlobalSection(ExtensibilityGlobals) = postSolution
		SolutionGuid = {0572E1E4-F592-46FD-A3CE-7C63CC6D0751}
	EndGlobalSection
EndGlobal
